{
  "nodes": {
    "flake-utils": {
      "locked": {
        "lastModified": 1659877975,
        "narHash": "sha256-zllb8aq3YO3h8B/U0/J1WBgAL8EX5yWf5pMj3G0NAmc=",
        "owner": "numtide",
        "repo": "flake-utils",
        "rev": "c0e246b9b83f637f4681389ecabcb2681b4f3af0",
        "type": "github"
      },
      "original": {
        "owner": "numtide",
        "repo": "flake-utils",
        "type": "github"
      }
    },
    "mach-nix-flake": {
      "inputs": {
        "flake-utils": [
          "flake-utils"
        ],
        "nixpkgs": [
          "nixpkgs"
        ],
        "pypi-deps-db": [
          "pypi-deps-db"
        ]
      },
      "locked": {
        "lastModified": 1659091740,
        "narHash": "sha256-aNtnezQfUX1QS/bFno2H5661qIY/Rn7BmHnspuuyI+4=",
        "owner": "DavHau",
        "repo": "mach-nix",
        "rev": "f15ea8677df951cb4fe608945fd98725dcd033b3",
        "type": "github"
      },
      "original": {
        "owner": "DavHau",
        "repo": "mach-nix",
        "type": "github"
      }
    },
    "nixpkgs": {
      "locked": {
        "lastModified": 1676253841,
        "narHash": "sha256-jhuI8Mmky8VCD45OoJEuF6HdPLFBwNrHA0ljjZ/zkfw=",
        "owner": "NixOS",
        "repo": "nixpkgs",
        "rev": "a45a8916243a7d27acc358f4fc18c4491f3eeca8",
        "type": "github"
      },
      "original": {
        "owner": "NixOS",
        "ref": "nixos-22.11",
        "repo": "nixpkgs",
        "type": "github"
      }
    },
    "pypi-deps-db": {
      "flake": false,
      "locked": {
        "lastModified": 1676367706,
        "narHash": "sha256-FY7MKi/Q6IO4hlYiGqVCrXAg+/VJ/pIVS+ZfqeonOx8=",
        "owner": "DavHau",
        "repo": "pypi-deps-db",
        "rev": "1974e03fe3ee9d7246e9af3bedbea72e3ea0535c",
        "type": "github"
      },
      "original": {
        "owner": "DavHau",
        "repo": "pypi-deps-db",
        "type": "github"
      }
    },
    "root": {
      "inputs": {
        "flake-utils": "flake-utils",
        "mach-nix-flake": "mach-nix-flake",
        "nixpkgs": "nixpkgs",
        "pypi-deps-db": "pypi-deps-db",
        "tahoe-lafs-dev": "tahoe-lafs-dev"
      }
    },
    "tahoe-lafs-dev": {
      "flake": false,
      "locked": {
        "lastModified": 1664893933,
        "narHash": "sha256-85aDykgcPjRr+y7Q8tKEDd3kKpDwFl3AtMNLQO5Nqqc=",
        "owner": "tahoe-lafs",
        "repo": "tahoe-lafs",
        "rev": "f56b43468b63a99c5fe22657cde75131344052dd",
        "type": "github"
      },
      "original": {
        "owner": "tahoe-lafs",
        "repo": "tahoe-lafs",
        "type": "github"
      }
    }
  },
  "root": "root",
  "version": 7
}
